PODS:
  - audioplayers_darwin (0.0.1):
    - Flutter
  - camera_avfoundation (0.0.1):
    - Flutter
  - device_info_plus (0.0.1):
    - Flutter
  - DKImagePickerController/Core (4.3.4):
    - DKImagePickerController/ImageDataManager
    - DKImagePickerController/Resource
  - DKImagePickerController/ImageDataManager (4.3.4)
  - DKImagePickerController/PhotoGallery (4.3.4):
    - DKImagePickerController/Core
    - DKPhotoGallery
  - DKImagePickerController/Resource (4.3.4)
  - DKPhotoGallery (0.0.17):
    - DKPhotoGallery/Core (= 0.0.17)
    - DKPhotoGallery/Model (= 0.0.17)
    - DKPhotoGallery/Preview (= 0.0.17)
    - DKPhotoGallery/Resource (= 0.0.17)
    - SDWebImage
    - SwiftyGif
  - DKPhotoGallery/Core (0.0.17):
    - DKPhotoGallery/Model
    - DKPhotoGallery/Preview
    - SDWebImage
    - SwiftyGif
  - DKPhotoGallery/Model (0.0.17):
    - SDWebImage
    - SwiftyGif
  - DKPhotoGallery/Preview (0.0.17):
    - DKPhotoGallery/Model
    - DKPhotoGallery/Resource
    - SDWebImage
    - SwiftyGif
  - DKPhotoGallery/Resource (0.0.17):
    - SDWebImage
    - SwiftyGif
  - fc_native_video_thumbnail (0.0.1):
    - Flutter
  - file_picker (0.0.1):
    - DKImagePickerController/PhotoGallery
    - Flutter
  - Flutter (1.0.0)
  - flutter_apns_only (0.0.1):
    - Flutter
  - flutter_image_compress (1.0.0):
    - Flutter
    - Mantle
    - SDWebImage
    - SDWebImageWebPCoder
  - flutter_plugin_record_plus (0.0.1):
    - Flutter
  - fluttertoast (0.0.2):
    - Flutter
    - Toast
  - FMDB (2.7.5):
    - FMDB/standard (= 2.7.5)
  - FMDB/standard (2.7.5)
  - HydraAsync (2.0.6)
  - image_gallery_saver (2.0.2):
    - Flutter
  - image_picker_ios (0.0.1):
    - Flutter
  - libwebp (1.2.4):
    - libwebp/demux (= 1.2.4)
    - libwebp/mux (= 1.2.4)
    - libwebp/webp (= 1.2.4)
  - libwebp/demux (1.2.4):
    - libwebp/webp
  - libwebp/mux (1.2.4):
    - libwebp/demux
  - libwebp/webp (1.2.4)
  - local_notifications_for_us (0.0.1):
    - Flutter
  - Mantle (2.2.0):
    - Mantle/extobjc (= 2.2.0)
  - Mantle/extobjc (2.2.0)
  - Masonry (1.1.0)
  - package_info_plus (0.4.5):
    - Flutter
  - pasteboard (0.0.1):
    - Flutter
  - path_provider_foundation (0.0.1):
    - Flutter
    - FlutterMacOS
  - permission_handler_apple (9.1.0):
    - Flutter
  - photo_manager (2.0.0):
    - Flutter
    - FlutterMacOS
  - plain_notification_token_for_us (0.0.1):
    - Flutter
  - ReactiveObjC (3.1.1)
  - SDWebImage (5.16.0):
    - SDWebImage/Core (= 5.16.0)
  - SDWebImage/Core (5.16.0)
  - SDWebImageWebPCoder (0.12.0):
    - libwebp (~> 1.0)
    - SDWebImage/Core (~> 5.16)
  - shared_preferences_foundation (0.0.1):
    - Flutter
    - FlutterMacOS
  - sqflite (0.0.3):
    - Flutter
    - FMDB (>= 2.7.5)
  - SwiftyGif (5.4.4)
  - tencent_calls_engine (0.0.1):
    - Flutter
    - TUICallEngine/Professional (= 1.6.1.420)
  - tencent_calls_uikit (0.0.1):
    - Flutter
    - TUICallKit/Professional (= 1.6.1.420)
  - tencent_chat_push_for_china (0.0.1):
    - Flutter
  - tencent_cloud_chat_sdk (5.1.2):
    - Flutter
    - HydraAsync
    - TXIMSDK_Plus_iOS (>= 7.2.4146)
  - tencent_cloud_uikit_core (0.0.1):
    - Flutter
    - TUICore (~> 7.2.4123)
  - tencent_open_file (0.0.1):
    - Flutter
  - Toast (4.0.0)
  - TUICallEngine/Professional (1.6.1.420):
    - TXIMSDK_Plus_iOS (~> 7.2.4123)
    - TXLiteAVSDK_Professional (>= 11.0.14028)
  - TUICallKit/Professional (1.6.1.420):
    - Masonry
    - TUICallEngine/Professional (~> 1.6.1.420)
    - TUICore (~> 7.2.4123)
    - TXLiteAVSDK_Professional
  - TUICore (7.2.4146):
    - ReactiveObjC
    - SDWebImage
    - TUICore/ImSDK_Plus (= 7.2.4146)
  - TUICore/Base (7.2.4146):
    - ReactiveObjC
    - SDWebImage
  - TUICore/ImSDK_Plus (7.2.4146):
    - ReactiveObjC
    - SDWebImage
    - TUICore/Base
    - TXIMSDK_Plus_iOS (= 7.2.4146)
  - TXIMSDK_Plus_iOS (7.2.4146)
  - TXLiteAVSDK_Professional (11.2.14217):
    - TXLiteAVSDK_Professional/Professional (= 11.2.14217)
  - TXLiteAVSDK_Professional/Professional (11.2.14217)
  - uni_links (0.0.1):
    - Flutter
  - url_launcher_ios (0.0.1):
    - Flutter
  - video_player_avfoundation (0.0.1):
    - Flutter
  - wakelock_for_us (0.0.1):
    - Flutter
  - webview_flutter_wkwebview (0.0.1):
    - Flutter

DEPENDENCIES:
  - audioplayers_darwin (from `.symlinks/plugins/audioplayers_darwin/ios`)
  - camera_avfoundation (from `.symlinks/plugins/camera_avfoundation/ios`)
  - device_info_plus (from `.symlinks/plugins/device_info_plus/ios`)
  - fc_native_video_thumbnail (from `.symlinks/plugins/fc_native_video_thumbnail/ios`)
  - file_picker (from `.symlinks/plugins/file_picker/ios`)
  - Flutter (from `Flutter`)
  - flutter_apns_only (from `.symlinks/plugins/flutter_apns_only/ios`)
  - flutter_image_compress (from `.symlinks/plugins/flutter_image_compress/ios`)
  - flutter_plugin_record_plus (from `.symlinks/plugins/flutter_plugin_record_plus/ios`)
  - fluttertoast (from `.symlinks/plugins/fluttertoast/ios`)
  - image_gallery_saver (from `.symlinks/plugins/image_gallery_saver/ios`)
  - image_picker_ios (from `.symlinks/plugins/image_picker_ios/ios`)
  - local_notifications_for_us (from `.symlinks/plugins/local_notifications_for_us/ios`)
  - package_info_plus (from `.symlinks/plugins/package_info_plus/ios`)
  - pasteboard (from `.symlinks/plugins/pasteboard/ios`)
  - path_provider_foundation (from `.symlinks/plugins/path_provider_foundation/darwin`)
  - permission_handler_apple (from `.symlinks/plugins/permission_handler_apple/ios`)
  - photo_manager (from `.symlinks/plugins/photo_manager/ios`)
  - plain_notification_token_for_us (from `.symlinks/plugins/plain_notification_token_for_us/ios`)
  - shared_preferences_foundation (from `.symlinks/plugins/shared_preferences_foundation/darwin`)
  - sqflite (from `.symlinks/plugins/sqflite/ios`)
  - tencent_calls_engine (from `.symlinks/plugins/tencent_calls_engine/ios`)
  - tencent_calls_uikit (from `.symlinks/plugins/tencent_calls_uikit/ios`)
  - tencent_chat_push_for_china (from `.symlinks/plugins/tencent_chat_push_for_china/ios`)
  - tencent_cloud_chat_sdk (from `.symlinks/plugins/tencent_cloud_chat_sdk/ios`)
  - tencent_cloud_uikit_core (from `.symlinks/plugins/tencent_cloud_uikit_core/ios`)
  - tencent_open_file (from `.symlinks/plugins/tencent_open_file/ios`)
  - uni_links (from `.symlinks/plugins/uni_links/ios`)
  - url_launcher_ios (from `.symlinks/plugins/url_launcher_ios/ios`)
  - video_player_avfoundation (from `.symlinks/plugins/video_player_avfoundation/ios`)
  - wakelock_for_us (from `.symlinks/plugins/wakelock_for_us/ios`)
  - webview_flutter_wkwebview (from `.symlinks/plugins/webview_flutter_wkwebview/ios`)

SPEC REPOS:
  trunk:
    - DKImagePickerController
    - DKPhotoGallery
    - FMDB
    - HydraAsync
    - libwebp
    - Mantle
    - Masonry
    - ReactiveObjC
    - SDWebImage
    - SDWebImageWebPCoder
    - SwiftyGif
    - Toast
    - TUICallEngine
    - TUICallKit
    - TUICore
    - TXIMSDK_Plus_iOS
    - TXLiteAVSDK_Professional

EXTERNAL SOURCES:
  audioplayers_darwin:
    :path: ".symlinks/plugins/audioplayers_darwin/ios"
  camera_avfoundation:
    :path: ".symlinks/plugins/camera_avfoundation/ios"
  device_info_plus:
    :path: ".symlinks/plugins/device_info_plus/ios"
  fc_native_video_thumbnail:
    :path: ".symlinks/plugins/fc_native_video_thumbnail/ios"
  file_picker:
    :path: ".symlinks/plugins/file_picker/ios"
  Flutter:
    :path: Flutter
  flutter_apns_only:
    :path: ".symlinks/plugins/flutter_apns_only/ios"
  flutter_image_compress:
    :path: ".symlinks/plugins/flutter_image_compress/ios"
  flutter_plugin_record_plus:
    :path: ".symlinks/plugins/flutter_plugin_record_plus/ios"
  fluttertoast:
    :path: ".symlinks/plugins/fluttertoast/ios"
  image_gallery_saver:
    :path: ".symlinks/plugins/image_gallery_saver/ios"
  image_picker_ios:
    :path: ".symlinks/plugins/image_picker_ios/ios"
  local_notifications_for_us:
    :path: ".symlinks/plugins/local_notifications_for_us/ios"
  package_info_plus:
    :path: ".symlinks/plugins/package_info_plus/ios"
  pasteboard:
    :path: ".symlinks/plugins/pasteboard/ios"
  path_provider_foundation:
    :path: ".symlinks/plugins/path_provider_foundation/darwin"
  permission_handler_apple:
    :path: ".symlinks/plugins/permission_handler_apple/ios"
  photo_manager:
    :path: ".symlinks/plugins/photo_manager/ios"
  plain_notification_token_for_us:
    :path: ".symlinks/plugins/plain_notification_token_for_us/ios"
  shared_preferences_foundation:
    :path: ".symlinks/plugins/shared_preferences_foundation/darwin"
  sqflite:
    :path: ".symlinks/plugins/sqflite/ios"
  tencent_calls_engine:
    :path: ".symlinks/plugins/tencent_calls_engine/ios"
  tencent_calls_uikit:
    :path: ".symlinks/plugins/tencent_calls_uikit/ios"
  tencent_chat_push_for_china:
    :path: ".symlinks/plugins/tencent_chat_push_for_china/ios"
  tencent_cloud_chat_sdk:
    :path: ".symlinks/plugins/tencent_cloud_chat_sdk/ios"
  tencent_cloud_uikit_core:
    :path: ".symlinks/plugins/tencent_cloud_uikit_core/ios"
  tencent_open_file:
    :path: ".symlinks/plugins/tencent_open_file/ios"
  uni_links:
    :path: ".symlinks/plugins/uni_links/ios"
  url_launcher_ios:
    :path: ".symlinks/plugins/url_launcher_ios/ios"
  video_player_avfoundation:
    :path: ".symlinks/plugins/video_player_avfoundation/ios"
  wakelock_for_us:
    :path: ".symlinks/plugins/wakelock_for_us/ios"
  webview_flutter_wkwebview:
    :path: ".symlinks/plugins/webview_flutter_wkwebview/ios"

SPEC CHECKSUMS:
  audioplayers_darwin: 877d9a4d06331c5c374595e46e16453ac7eafa40
  camera_avfoundation: 3125e8cd1a4387f6f31c6c63abb8a55892a9eeeb
  device_info_plus: 7545d84d8d1b896cb16a4ff98c19f07ec4b298ea
  DKImagePickerController: b512c28220a2b8ac7419f21c491fc8534b7601ac
  DKPhotoGallery: fdfad5125a9fdda9cc57df834d49df790dbb4179
  fc_native_video_thumbnail: acf173eee42a60561203851e02b38a5202adc206
  file_picker: ce3938a0df3cc1ef404671531facef740d03f920
  Flutter: f04841e97a9d0b0a8025694d0796dd46242b2854
  flutter_apns_only: 3d91c0ca9dbef4439874858590909a19f8ed06a4
  flutter_image_compress: 5a5e9aee05b6553048b8df1c3bc456d0afaac433
  flutter_plugin_record_plus: 79b8e13ee7ed9a94f6c067018653599528cee1fc
  fluttertoast: eb263d302cc92e04176c053d2385237e9f43fad0
  FMDB: 2ce00b547f966261cd18927a3ddb07cb6f3db82a
  HydraAsync: 8d589bd725b0224f899afafc9a396327405f8063
  image_gallery_saver: cb43cc43141711190510e92c460eb1655cd343cb
  image_picker_ios: 4a8aadfbb6dc30ad5141a2ce3832af9214a705b5
  libwebp: f62cb61d0a484ba548448a4bd52aabf150ff6eef
  local_notifications_for_us: d4bb63b93eb429c4697edd0ee66bbe8bade29633
  Mantle: c5aa8794a29a022dfbbfc9799af95f477a69b62d
  Masonry: 678fab65091a9290e40e2832a55e7ab731aad201
  package_info_plus: fd030dabf36271f146f1f3beacd48f564b0f17f7
  pasteboard: 982969ebaa7c78af3e6cc7761e8f5e77565d9ce0
  path_provider_foundation: eaf5b3e458fc0e5fbb9940fb09980e853fe058b8
  permission_handler_apple: 8f116445eff3c0e7c65ad60f5fef5490aa94b4e4
  photo_manager: 4f6810b7dfc4feb03b461ac1a70dacf91fba7604
  plain_notification_token_for_us: c804c7a9f79af55980cec08457cb8cdf73200db7
  ReactiveObjC: 011caa393aa0383245f2dcf9bf02e86b80b36040
  SDWebImage: 2aea163b50bfcb569a2726b6a754c54a4506fcf6
  SDWebImageWebPCoder: f0f287cee4cd96a59937fbf3c77a8cfda9ba67b0
  shared_preferences_foundation: e2dae3258e06f44cc55f49d42024fd8dd03c590c
  sqflite: 31f7eba61e3074736dff8807a9b41581e4f7f15a
  SwiftyGif: 93a1cc87bf3a51916001cf8f3d63835fb64c819f
  tencent_calls_engine: e065f3531f8a419c5dd4e20aae2246bda587f9b8
  tencent_calls_uikit: a11beb010f3ea795e50c1111e6eb8dbac69e3717
  tencent_chat_push_for_china: aa983a4716949ae4062c106204e2dc07d34d9f3b
  tencent_cloud_chat_sdk: 8a2bceccaf81e7f922e7b6509ab93c39c3884dda
  tencent_cloud_uikit_core: d9ec9de7506192ad4af806eab14f2f6d6dd35b01
  tencent_open_file: 1261db508715b8f43ef3b7e31c90824838038165
  Toast: 91b396c56ee72a5790816f40d3a94dd357abc196
  TUICallEngine: 3d2cc541ee83f9d1a4deed06ed07af876fe73fd8
  TUICallKit: 451defdbd7b1b0987f6984768bc49ea6db019e3a
  TUICore: 4133d303a749d5c29aa1f7e03f5d787855b2c4e9
  TXIMSDK_Plus_iOS: 560464285b93add271d5fd7a2a26434293821c11
  TXLiteAVSDK_Professional: a117a5011070b56d59f1ab212e81c7599b1683fa
  uni_links: d97da20c7701486ba192624d99bffaaffcfc298a
  url_launcher_ios: 08a3dfac5fb39e8759aeb0abbd5d9480f30fc8b4
  video_player_avfoundation: 81e49bb3d9fb63dccf9fa0f6d877dc3ddbeac126
  wakelock_for_us: f38d5266db2b4efdf52f99632282320d6a52ffb7
  webview_flutter_wkwebview: b7e70ef1ddded7e69c796c7390ee74180182971f

PODFILE CHECKSUM: 173e1bf7733580a3fc6754b1dd3f333be68ebfac

COCOAPODS: 1.12.0
